<Solution>
  <Project Path="FitnessApp.API/FitnessApp.API.csproj" />
  <Project Path="FitnessApp.Application/FitnessApp.Application.csproj" />
  <Project Path="FitnessApp.Domain/FitnessApp.Domain.csproj" />
  <Project Path="FitnessApp.Infrastructure/FitnessApp.Infrastructure.csproj" />
  <Project Path="FitnessApp.Tests/FitnessApp.Tests.csproj" />
</Solution>
